// !$*UTF8*$!
{
	archiveVersion = 1;
	classes = {
	};
	objectVersion = 46;
	objects = {

/* Begin PBXBuildFile section */
		248CD3811EC9AC080091D68B /* AppDelegate.swift in Sources */ = {isa = PBXBuildFile; fileRef = 248CD3801EC9AC080091D68B /* AppDelegate.swift */; };
		248CD3831EC9AC080091D68B /* ViewController.swift in Sources */ = {isa = PBXBuildFile; fileRef = 248CD3821EC9AC080091D68B /* ViewController.swift */; };
		248CD3861EC9AC080091D68B /* Main.storyboard in Resources */ = {isa = PBXBuildFile; fileRef = 248CD3841EC9AC080091D68B /* Main.storyboard */; };
		248CD3881EC9AC080091D68B /* Assets.xcassets in Resources */ = {isa = PBXBuildFile; fileRef = 248CD3871EC9AC080091D68B /* Assets.xcassets */; };
		248CD38B1EC9AC080091D68B /* LaunchScreen.storyboard in Resources */ = {isa = PBXBuildFile; fileRef = 248CD3891EC9AC080091D68B /* LaunchScreen.storyboard */; };
		6A8B2DE31ED19600008F69CF /* Constant.swift in Sources */ = {isa = PBXBuildFile; fileRef = 6A8B2DE21ED19600008F69CF /* Constant.swift */; };
/* End PBXBuildFile section */

/* Begin PBXFileReference section */
		248CD37D1EC9AC080091D68B /* Plurtaku.app */ = {isa = PBXFileReference; explicitFileType = wrapper.application; includeInIndex = 0; path = Plurtaku.app; sourceTree = BUILT_PRODUCTS_DIR; };
		248CD3801EC9AC080091D68B /* AppDelegate.swift */ = {isa = PBXFileReference; lastKnownFileType = sourcecode.swift; path = AppDelegate.swift; sourceTree = "<group>"; };
		248CD3821EC9AC080091D68B /* ViewController.swift */ = {isa = PBXFileReference; lastKnownFileType = sourcecode.swift; path = ViewController.swift; sourceTree = "<group>"; };
		248CD3851EC9AC080091D68B /* Base */ = {isa = PBXFileReference; lastKnownFileType = file.storyboard; name = Base; path = Base.lproj/Main.storyboard; sourceTree = "<group>"; };
		248CD3871EC9AC080091D68B /* Assets.xcassets */ = {isa = PBXFileReference; lastKnownFileType = folder.assetcatalog; path = Assets.xcassets; sourceTree = "<group>"; };
		248CD38A1EC9AC080091D68B /* Base */ = {isa = PBXFileReference; lastKnownFileType = file.storyboard; name = Base; path = Base.lproj/LaunchScreen.storyboard; sourceTree = "<group>"; };
		248CD38C1EC9AC080091D68B /* Info.plist */ = {isa = PBXFileReference; lastKnownFileType = text.plist.xml; path = Info.plist; sourceTree = "<group>"; };
		6A8B2DE21ED19600008F69CF /* Constant.swift */ = {isa = PBXFileReference; fileEncoding = 4; lastKnownFileType = sourcecode.swift; path = Constant.swift; sourceTree = "<group>"; };
/* End PBXFileReference section */

/* Begin PBXFrameworksBuildPhase section */
		248CD37A1EC9AC080091D68B /* Frameworks */ = {
			isa = PBXFrameworksBuildPhase;
			buildActionMask = 2147483647;
			files = (
			);
			runOnlyForDeploymentPostprocessing = 0;
		};
/* End PBXFrameworksBuildPhase section */

/* Begin PBXGroup section */
		248CD3741EC9AC080091D68B = {
			isa = PBXGroup;
			children = (
				248CD37F1EC9AC080091D68B /* Plurtaku */,
				248CD37E1EC9AC080091D68B /* Products */,
			);
			sourceTree = "<group>";
		};
		248CD37E1EC9AC080091D68B /* Products */ = {
			isa = PBXGroup;
			children = (
				248CD37D1EC9AC080091D68B /* Plurtaku.app */,
			);
			name = Products;
			sourceTree = "<group>";
		};
		248CD37F1EC9AC080091D68B /* Plurtaku */ = {
			isa = PBXGroup;
			children = (
				248CD3801EC9AC080091D68B /* AppDelegate.swift */,
				248CD3821EC9AC080091D68B /* ViewController.swift */,
				248CD3841EC9AC080091D68B /* Main.storyboard */,
				248CD3871EC9AC080091D68B /* Assets.xcassets */,
				248CD3891EC9AC080091D68B /* LaunchScreen.storyboard */,
				248CD38C1EC9AC080091D68B /* Info.plist */,
				6A8B2DE21ED19600008F69CF /* Constant.swift */,
			);
			path = Plurtaku;
			sourceTree = "<group>";
		};
/* End PBXGroup section */

/* Begin PBXNativeTarget section */
		248CD37C1EC9AC080091D68B /* Plurtaku */ = {
			isa = PBXNativeTarget;
			buildConfigurationList = 248CD38F1EC9AC080091D68B /* Build configuration list for PBXNativeTarget "Plurtaku" */;
			buildPhases = (
				248CD3791EC9AC080091D68B /* Sources */,
				248CD37A1EC9AC080091D68B /* Frameworks */,
				248CD37B1EC9AC080091D68B /* Resources */,
			);
			buildRules = (
			);
			dependencies = (
			);
			name = Plurtaku;
			productName = Plurtaku;
			productReference = 248CD37D1EC9AC080091D68B /* Plurtaku.app */;
			productType = "com.apple.product-type.application";
		};
/* End PBXNativeTarget section */

/* Begin PBXProject section */
		248CD3751EC9AC080091D68B /* Project object */ = {
			isa = PBXProject;
			attributes = {
				LastSwiftUpdateCheck = 0820;
				LastUpgradeCheck = 0820;
				ORGANIZATIONNAME = ak2840;
				TargetAttributes = {
					248CD37C1EC9AC080091D68B = {
						CreatedOnToolsVersion = 8.2.1;
						DevelopmentTeam = 9H2B4EHSYC;
						ProvisioningStyle = Automatic;
					};
				};
			};
			buildConfigurationList = 248CD3781EC9AC080091D68B /* Build configuration list for PBXProject "Plurtaku" */;
			compatibilityVersion = "Xcode 3.2";
			developmentRegion = English;
			hasScannedForEncodings = 0;
			knownRegions = (
				en,
				Base,
			);
			mainGroup = 248CD3741EC9AC080091D68B;
			productRefGroup = 248CD37E1EC9AC080091D68B /* Products */;
			projectDirPath = "";
			projectRoot = "";
			targets = (
				248CD37C1EC9AC080091D68B /* Plurtaku */,
			);
		};
/* End PBXProject section */

/* Begin PBXResourcesBuildPhase section */
		248CD37B1EC9AC080091D68B /* Resources */ = {
			isa = PBXResourcesBuildPhase;
			buildActionMask = 2147483647;
			files = (
				248CD38B1EC9AC080091D68B /* LaunchScreen.storyboard in Resources */,
				248CD3881EC9AC080091D68B /* Assets.xcassets in Resources */,
				248CD3861EC9AC080091D68B /* Main.storyboard in Resources */,
			);
			runOnlyForDeploymentPostprocessing = 0;
		};
/* End PBXResourcesBuildPhase section */

/* Begin PBXSourcesBuildPhase section */
		248CD3791EC9AC080091D68B /* Sources */ = {
			isa = PBXSourcesBuildPhase;
			buildActionMask = 2147483647;
			files = (
				248CD3831EC9AC080091D68B /* ViewController.swift in Sources */,
				248CD3811EC9AC080091D68B /* AppDelegate.swift in Sources */,
				6A8B2DE31ED19600008F69CF /* Constant.swift in Sources */,
			);
			runOnlyForDeploymentPostprocessing = 0;
		};
/* End PBXSourcesBuildPhase section */

/* Begin PBXVariantGroup section */
		248CD3841EC9AC080091D68B /* Main.storyboard */ = {
			isa = PBXVariantGroup;
			children = (
				248CD3851EC9AC080091D68B /* Base */,
			);
			name = Main.storyboard;
			sourceTree = "<group>";
		};
		248CD3891EC9AC080091D68B /* LaunchScreen.storyboard */ = {
			isa = PBXVariantGroup;
			children = (
				248CD38A1EC9AC080091D68B /* Base */,
			);
			name = LaunchScreen.storyboard;
			sourceTree = "<group>";
		};
/* End PBXVariantGroup section */

/* Begin XCBuildConfiguration section */
		248CD38D1EC9AC080091D68B /* Debug */ = {
			isa = XCBuildConfiguration;
			buildSettings = {
				ALWAYS_SEARCH_USER_PATHS = NO;
				CLANG_ANALYZER_NONNULL = YES;
				CLANG_CXX_LANGUAGE_STANDARD = "gnu++0x";
				CLANG_CXX_LIBRARY = "libc++";
				CLANG_ENABLE_MODULES = YES;
				CLANG_ENABLE_OBJC_ARC = YES;
				CLANG_WARN_BOOL_CONVERSION = YES;
				CLANG_WARN_CONSTANT_CONVERSION = YES;
				CLANG_WARN_DIRECT_OBJC_ISA_USAGE = YES_ERROR;
				CLANG_WARN_DOCUMENTATION_COMMENTS = YES;
				CLANG_WARN_EMPTY_BODY = YES;
				CLANG_WARN_ENUM_CONVERSION = YES;
				CLANG_WARN_INFINITE_RECURSION = YES;
				CLANG_WARN_INT_CONVERSION = YES;
				CLANG_WARN_OBJC_ROOT_CLASS = YES_ERROR;
				CLANG_WARN_SUSPICIOUS_MOVE = YES;
				CLANG_WARN_UNREACHABLE_CODE = YES;
				CLANG_WARN__DUPLICATE_METHOD_MATCH = YES;
				"CODE_SIGN_IDENTITY[sdk=iphoneos*]" = "iPhone Developer";
				COPY_PHASE_STRIP = NO;
				DEBUG_INFORMATION_FORMAT = dwarf;
				ENABLE_STRICT_OBJC_MSGSEND = YES;
				ENABLE_TESTABILITY = YES;
				GCC_C_LANGUAGE_STANDARD = gnu99;
				GCC_DYNAMIC_NO_PIC = NO;
				GCC_NO_COMMON_BLOCKS = YES;
				GCC_OPTIMIZATION_LEVEL = 0;
				GCC_PREPROCESSOR_DEFINITIONS = (
					"DEBUG=1",
					"$(inherited)",
				);
				GCC_WARN_64_TO_32_BIT_CONVERSION = YES;
				GCC_WARN_ABOUT_RETURN_TYPE = YES_ERROR;
				GCC_WARN_UNDECLARED_SELECTOR = YES;
				GCC_WARN_UNINITIALIZED_AUTOS = YES_AGGRESSIVE;
				GCC_WARN_UNUSED_FUNCTION = YES;
				GCC_WARN_UNUSED_VARIABLE = YES;
				IPHONEOS_DEPLOYMENT_TARGET = 10.2;
				MTL_ENABLE_DEBUG_INFO = YES;
				ONLY_ACTIVE_ARCH = YES;
				SDKROOT = iphoneos;
				SWIFT_ACTIVE_COMPILATION_CONDITIONS = DEBUG;
				SWIFT_OPTIMIZATION_LEVEL = "-Onone";
				TARGETED_DEVICE_FAMILY = "1,2";
			};
			name = Debug;
		};
		248CD38E1EC9AC080091D68B /* Release */ = {
			isa = XCBuildConfiguration;
			buildSettings = {
				ALWAYS_SEARCH_USER_PATHS = NO;
				CLANG_ANALYZER_NONNULL = YES;
				CLANG_CXX_LANGUAGE_STANDARD = "gnu++0x";
				CLANG_CXX_LIBRARY = "libc++";
				CLANG_ENABLE_MODULES = YES;
				CLANG_ENABLE_OBJC_ARC = YES;
				CLANG_WARN_BOOL_CONVERSION = YES;
				CLANG_WARN_CONSTANT_CONVERSION = YES;
				CLANG_WARN_DIRECT_OBJC_ISA_USAGE = YES_ERROR;
				CLANG_WARN_DOCUMENTATION_COMMENTS = YES;
				CLANG_WARN_EMPTY_BODY = YES;
				CLANG_WARN_ENUM_CONVERSION = YES;
				CLANG_WARN_INFINITE_RECURSION = YES;
				CLANG_WARN_INT_CONVERSION = YES;
				CLANG_WARN_OBJC_ROOT_CLASS = YES_ERROR;
				CLANG_WARN_SUSPICIOUS_MOVE = YES;
				CLANG_WARN_UNREACHABLE_CODE = YES;
				CLANG_WARN__DUPLICATE_METHOD_MATCH = YES;
				"CODE_SIGN_IDENTITY[sdk=iphoneos*]" = "iPhone Developer";
				COPY_PHASE_STRIP = NO;
				DEBUG_INFORMATION_FORMAT = "dwarf-with-dsym";
				ENABLE_NS_ASSERTIONS = NO;
				ENABLE_STRICT_OBJC_MSGSEND = YES;
				GCC_C_LANGUAGE_STANDARD = gnu99;
				GCC_NO_COMMON_BLOCKS = YES;
				GCC_WARN_64_TO_32_BIT_CONVERSION = YES;
				GCC_WARN_ABOUT_RETURN_TYPE = YES_ERROR;
				GCC_WARN_UNDECLARED_SELECTOR = YES;
				GCC_WARN_UNINITIALIZED_AUTOS = YES_AGGRESSIVE;
				GCC_WARN_UNUSED_FUNCTION = YES;
				GCC_WARN_UNUSED_VARIABLE = YES;
				IPHONEOS_DEPLOYMENT_TARGET = 10.2;
				MTL_ENABLE_DEBUG_INFO = NO;
				SDKROOT = iphoneos;
				SWIFT_OPTIMIZATION_LEVEL = "-Owholemodule";
				TARGETED_DEVICE_FAMILY = "1,2";
				VALIDATE_PRODUCT = YES;
			};
			name = Release;
		};
		248CD3901EC9AC080091D68B /* Debug */ = {
			isa = XCBuildConfiguration;
			buildSettings = {
				ASSETCATALOG_COMPILER_APPICON_NAME = AppIcon;
				DEVELOPMENT_TEAM = 9H2B4EHSYC;
				INFOPLIST_FILE = Plurtaku/Info.plist;
				LD_RUNPATH_SEARCH_PATHS = "$(inherited) @executable_path/Frameworks";
				PRODUCT_BUNDLE_IDENTIFIER = com.ak2840.Plurtaku;
				PRODUCT_NAME = "$(TARGET_NAME)";
				SWIFT_VERSION = 3.0;
			};
			name = Debug;
		};
		248CD3911EC9AC080091D68B /* Release */ = {
			isa = XCBuildConfiguration;
			buildSettings = {
				ASSETCATALOG_COMPILER_APPICON_NAME = AppIcon;
				DEVELOPMENT_TEAM = 9H2B4EHSYC;
				INFOPLIST_FILE = Plurtaku/Info.plist;
				LD_RUNPATH_SEARCH_PATHS = "$(inherited) @executable_path/Frameworks";
				PRODUCT_BUNDLE_IDENTIFIER = com.ak2840.Plurtaku;
				PRODUCT_NAME = "$(TARGET_NAME)";
				SWIFT_VERSION = 3.0;
			};
			name = Release;
		};
/* End XCBuildConfiguration section */

/* Begin XCConfigurationList section */
		248CD3781EC9AC080091D68B /* Build configuration list for PBXProject "Plurtaku" */ = {
			isa = XCConfigurationList;
			buildConfigurations = (
				248CD38D1EC9AC080091D68B /* Debug */,
				248CD38E1EC9AC080091D68B /* Release */,
			);
			defaultConfigurationIsVisible = 0;
			defaultConfigurationName = Release;
		};
		248CD38F1EC9AC080091D68B /* Build configuration list for PBXNativeTarget "Plurtaku" */ = {
			isa = XCConfigurationList;
			buildConfigurations = (
				248CD3901EC9AC080091D68B /* Debug */,
				248CD3911EC9AC080091D68B /* Release */,
			);
			defaultConfigurationIsVisible = 0;
			defaultConfigurationName = Release;
		};
/* End XCConfigurationList section */
	};
	rootObject = 248CD3751EC9AC080091D68B /* Project object */;
}
